{
  "name": "site",
  "lockfileVersion": 2,
  "requires": true,
  "packages": {
    "": {
      "dependencies": {
        "@tsconfig/svelte": "^3.0.0",
        "esbuild": "^0.14.50",
        "esbuild-plugin-replace": "^1.2.0",
        "esbuild-svelte": "^0.7.1",
        "svelte": "^3.49.0",
        "svelte-preprocess": "^4.10.7",
        "typescript": "^4.7.4"
      }
    },
    "node_modules/@tsconfig/svelte": {
      "version": "3.0.0",
      "resolved": "https://registry.npmjs.org/@tsconfig/svelte/-/svelte-3.0.0.tgz",
      "integrity": "sha512-pYrtLtOwku/7r1i9AMONsJMVYAtk3hzOfiGNekhtq5tYBGA7unMve8RvUclKLMT3PrihvJqUmzsRGh0RP84hKg=="
    },
    "node_modules/@types/node": {
      "version": "17.0.19",
      "resolved": "https://registry.npmjs.org/@types/node/-/node-17.0.19.tgz",
      "integrity": "sha512-PfeQhvcMR4cPFVuYfBN4ifG7p9c+Dlh3yUZR6k+5yQK7wX3gDgVxBly4/WkBRs9x4dmcy1TVl08SY67wwtEvmA=="
    },
    "node_modules/@types/pug": {
      "version": "2.0.6",
      "resolved": "https://registry.npmjs.org/@types/pug/-/pug-2.0.6.tgz",
      "integrity": "sha512-SnHmG9wN1UVmagJOnyo/qkk0Z7gejYxOYYmaAwr5u2yFYfsupN3sg10kyzN8Hep/2zbHxCnsumxOoRIRMBwKCg=="
    },
    "node_modules/@types/sass": {
      "version": "1.43.1",
      "resolved": "https://registry.npmjs.org/@types/sass/-/sass-1.43.1.tgz",
      "integrity": "sha512-BPdoIt1lfJ6B7rw35ncdwBZrAssjcwzI5LByIrYs+tpXlj/CAkuVdRsgZDdP4lq5EjyWzwxZCqAoFyHKFwp32g==",
      "dependencies": {
        "@types/node": "*"
      }
    },
    "node_modules/balanced-match": {
      "version": "1.0.2",
      "resolved": "https://registry.npmjs.org/balanced-match/-/balanced-match-1.0.2.tgz",
      "integrity": "sha512-3oSeUO0TMV67hN1AmbXsK4yaqU7tjiHlbxRDZOpH0KW9+CeX4bRAaX0Anxt0tx2MrpRpWwQaPwIlISEJhYU5Pw=="
    },
    "node_modules/brace-expansion": {
      "version": "1.1.11",
      "resolved": "https://registry.npmjs.org/brace-expansion/-/brace-expansion-1.1.11.tgz",
      "integrity": "sha512-iCuPHDFgrHX7H2vEI/5xpz07zSHB00TpugqhmYtVmMO6518mCuRMoOYFldEBl0g187ufozdaHgWKcYFb61qGiA==",
      "dependencies": {
        "balanced-match": "^1.0.0",
        "concat-map": "0.0.1"
      }
    },
    "node_modules/buffer-crc32": {
      "version": "0.2.13",
      "resolved": "https://registry.npmjs.org/buffer-crc32/-/buffer-crc32-0.2.13.tgz",
      "integrity": "sha1-DTM+PwDqxQqhRUq9MO+MKl2ackI=",
      "engines": {
        "node": "*"
      }
    },
    "node_modules/concat-map": {
      "version": "0.0.1",
      "resolved": "https://registry.npmjs.org/concat-map/-/concat-map-0.0.1.tgz",
      "integrity": "sha1-2Klr13/Wjfd5OnMDajug1UBdR3s="
    },
    "node_modules/detect-indent": {
      "version": "6.1.0",
      "resolved": "https://registry.npmjs.org/detect-indent/-/detect-indent-6.1.0.tgz",
      "integrity": "sha512-reYkTUJAZb9gUuZ2RvVCNhVHdg62RHnJ7WJl8ftMi4diZ6NWlciOzQN88pUhSELEwflJht4oQDv0F0BMlwaYtA==",
      "engines": {
        "node": ">=8"
      }
    },
    "node_modules/es6-promise": {
      "version": "3.3.1",
      "resolved": "https://registry.npmjs.org/es6-promise/-/es6-promise-3.3.1.tgz",
      "integrity": "sha1-oIzd6EzNvzTQJ6FFG8kdS80ophM="
    },
    "node_modules/esbuild": {
      "version": "0.14.50",
      "resolved": "https://registry.npmjs.org/esbuild/-/esbuild-0.14.50.tgz",
      "integrity": "sha512-SbC3k35Ih2IC6trhbMYW7hYeGdjPKf9atTKwBUHqMCYFZZ9z8zhuvfnZihsnJypl74FjiAKjBRqFkBkAd0rS/w==",
      "hasInstallScript": true,
      "bin": {
        "esbuild": "bin/esbuild"
      },
      "engines": {
        "node": ">=12"
      },
      "optionalDependencies": {
        "esbuild-android-64": "0.14.50",
        "esbuild-android-arm64": "0.14.50",
        "esbuild-darwin-64": "0.14.50",
        "esbuild-darwin-arm64": "0.14.50",
        "esbuild-freebsd-64": "0.14.50",
        "esbuild-freebsd-arm64": "0.14.50",
        "esbuild-linux-32": "0.14.50",
        "esbuild-linux-64": "0.14.50",
        "esbuild-linux-arm": "0.14.50",
        "esbuild-linux-arm64": "0.14.50",
        "esbuild-linux-mips64le": "0.14.50",
        "esbuild-linux-ppc64le": "0.14.50",
        "esbuild-linux-riscv64": "0.14.50",
        "esbuild-linux-s390x": "0.14.50",
        "esbuild-netbsd-64": "0.14.50",
        "esbuild-openbsd-64": "0.14.50",
        "esbuild-sunos-64": "0.14.50",
        "esbuild-windows-32": "0.14.50",
        "esbuild-windows-64": "0.14.50",
        "esbuild-windows-arm64": "0.14.50"
      }
    },
    "node_modules/esbuild-android-64": {
      "version": "0.14.50",
      "resolved": "https://registry.npmjs.org/esbuild-android-64/-/esbuild-android-64-0.14.50.tgz",
      "integrity": "sha512-H7iUEm7gUJHzidsBlFPGF6FTExazcgXL/46xxLo6i6bMtPim6ZmXyTccS8yOMpy6HAC6dPZ/JCQqrkkin69n6Q==",
      "cpu": [
        "x64"
      ],
      "optional": true,
      "os": [
        "android"
      ],
      "engines": {
        "node": ">=12"
      }
    },
    "node_modules/esbuild-android-arm64": {
      "version": "0.14.50",
      "resolved": "https://registry.npmjs.org/esbuild-android-arm64/-/esbuild-android-arm64-0.14.50.tgz",
      "integrity": "sha512-NFaoqEwa+OYfoYVpQWDMdKII7wZZkAjtJFo1WdnBeCYlYikvUhTnf2aPwPu5qEAw/ie1NYK0yn3cafwP+kP+OQ==",
      "cpu": [
        "arm64"
      ],
      "optional": true,
      "os": [
        "android"
      ],
      "engines": {
        "node": ">=12"
      }
    },
    "node_modules/esbuild-darwin-64": {
      "version": "0.14.50",
      "resolved": "https://registry.npmjs.org/esbuild-darwin-64/-/esbuild-darwin-64-0.14.50.tgz",
      "integrity": "sha512-gDQsCvGnZiJv9cfdO48QqxkRV8oKAXgR2CGp7TdIpccwFdJMHf8hyIJhMW/05b/HJjET/26Us27Jx91BFfEVSA==",
      "cpu": [
        "x64"
      ],
      "optional": true,
      "os": [
        "darwin"
      ],
      "engines": {
        "node": ">=12"
      }
    },
    "node_modules/esbuild-darwin-arm64": {
      "version": "0.14.50",
      "resolved": "https://registry.npmjs.org/esbuild-darwin-arm64/-/esbuild-darwin-arm64-0.14.50.tgz",
      "integrity": "sha512-36nNs5OjKIb/Q50Sgp8+rYW/PqirRiFN0NFc9hEvgPzNJxeJedktXwzfJSln4EcRFRh5Vz4IlqFRScp+aiBBzA==",
      "cpu": [
        "arm64"
      ],
      "optional": true,
      "os": [
        "darwin"
      ],
      "engines": {
        "node": ">=12"
      }
    },
    "node_modules/esbuild-freebsd-64": {
      "version": "0.14.50",
      "resolved": "https://registry.npmjs.org/esbuild-freebsd-64/-/esbuild-freebsd-64-0.14.50.tgz",
      "integrity": "sha512-/1pHHCUem8e/R86/uR+4v5diI2CtBdiWKiqGuPa9b/0x3Nwdh5AOH7lj+8823C6uX1e0ufwkSLkS+aFZiBCWxA==",
      "cpu": [
        "x64"
      ],
      "optional": true,
      "os": [
        "freebsd"
      ],
      "engines": {
        "node": ">=12"
      }
    },
    "node_modules/esbuild-freebsd-arm64": {
      "version": "0.14.50",
      "resolved": "https://registry.npmjs.org/esbuild-freebsd-arm64/-/esbuild-freebsd-arm64-0.14.50.tgz",
      "integrity": "sha512-iKwUVMQztnPZe5pUYHdMkRc9aSpvoV1mkuHlCoPtxZA3V+Kg/ptpzkcSY+fKd0kuom+l6Rc93k0UPVkP7xoqrw==",
      "cpu": [
        "arm64"
      ],
      "optional": true,
      "os": [
        "freebsd"
      ],
      "engines": {
        "node": ">=12"
      }
    },
    "node_modules/esbuild-linux-32": {
      "version": "0.14.50",
      "resolved": "https://registry.npmjs.org/esbuild-linux-32/-/esbuild-linux-32-0.14.50.tgz",
      "integrity": "sha512-sWUwvf3uz7dFOpLzYuih+WQ7dRycrBWHCdoXJ4I4XdMxEHCECd8b7a9N9u7FzT6XR2gHPk9EzvchQUtiEMRwqw==",
      "cpu": [
        "ia32"
      ],
      "optional": true,
      "os": [
        "linux"
      ],
      "engines": {
        "node": ">=12"
      }
    },
    "node_modules/esbuild-linux-64": {
      "version": "0.14.50",
      "resolved": "https://registry.npmjs.org/esbuild-linux-64/-/esbuild-linux-64-0.14.50.tgz",
      "integrity": "sha512-u0PQxPhaeI629t4Y3EEcQ0wmWG+tC/LpP2K7yDFvwuPq0jSQ8SIN+ARNYfRjGW15O2we3XJvklbGV0wRuUCPig==",
      "cpu": [
        "x64"
      ],
      "optional": true,
      "os": [
        "linux"
      ],
      "engines": {
        "node": ">=12"
      }
    },
    "node_modules/esbuild-linux-arm": {
      "version": "0.14.50",
      "resolved": "https://registry.npmjs.org/esbuild-linux-arm/-/esbuild-linux-arm-0.14.50.tgz",
      "integrity": "sha512-VALZq13bhmFJYFE/mLEb+9A0w5vo8z+YDVOWeaf9vOTrSC31RohRIwtxXBnVJ7YKLYfEMzcgFYf+OFln3Y0cWg==",
      "cpu": [
        "arm"
      ],
      "optional": true,
      "os": [
        "linux"
      ],
      "engines": {
        "node": ">=12"
      }
    },
    "node_modules/esbuild-linux-arm64": {
      "version": "0.14.50",
      "resolved": "https://registry.npmjs.org/esbuild-linux-arm64/-/esbuild-linux-arm64-0.14.50.tgz",
      "integrity": "sha512-ZyfoNgsTftD7Rp5S7La5auomKdNeB3Ck+kSKXC4pp96VnHyYGjHHXWIlcbH8i+efRn9brszo1/Thl1qn8RqmhQ==",
      "cpu": [
        "arm64"
      ],
      "optional": true,
      "os": [
        "linux"
      ],
      "engines": {
        "node": ">=12"
      }
    },
    "node_modules/esbuild-linux-mips64le": {
      "version": "0.14.50",
      "resolved": "https://registry.npmjs.org/esbuild-linux-mips64le/-/esbuild-linux-mips64le-0.14.50.tgz",
      "integrity": "sha512-ygo31Vxn/WrmjKCHkBoutOlFG5yM9J2UhzHb0oWD9O61dGg+Hzjz9hjf5cmM7FBhAzdpOdEWHIrVOg2YAi6rTw==",
      "cpu": [
        "mips64el"
      ],
      "optional": true,
      "os": [
        "linux"
      ],
      "engines": {
        "node": ">=12"
      }
    },
    "node_modules/esbuild-linux-ppc64le": {
      "version": "0.14.50",
      "resolved": "https://registry.npmjs.org/esbuild-linux-ppc64le/-/esbuild-linux-ppc64le-0.14.50.tgz",
      "integrity": "sha512-xWCKU5UaiTUT6Wz/O7GKP9KWdfbsb7vhfgQzRfX4ahh5NZV4ozZ4+SdzYG8WxetsLy84UzLX3Pi++xpVn1OkFQ==",
      "cpu": [
        "ppc64"
      ],
      "optional": true,
      "os": [
        "linux"
      ],
      "engines": {
        "node": ">=12"
      }
    },
    "node_modules/esbuild-linux-riscv64": {
      "version": "0.14.50",
      "resolved": "https://registry.npmjs.org/esbuild-linux-riscv64/-/esbuild-linux-riscv64-0.14.50.tgz",
      "integrity": "sha512-0+dsneSEihZTopoO9B6Z6K4j3uI7EdxBP7YSF5rTwUgCID+wHD3vM1gGT0m+pjCW+NOacU9kH/WE9N686FHAJg==",
      "cpu": [
        "riscv64"
      ],
      "optional": true,
      "os": [
        "linux"
      ],
      "engines": {
        "node": ">=12"
      }
    },
    "node_modules/esbuild-linux-s390x": {
      "version": "0.14.50",
      "resolved": "https://registry.npmjs.org/esbuild-linux-s390x/-/esbuild-linux-s390x-0.14.50.tgz",
      "integrity": "sha512-tVjqcu8o0P9H4StwbIhL1sQYm5mWATlodKB6dpEZFkcyTI8kfIGWiWcrGmkNGH2i1kBUOsdlBafPxR3nzp3TDA==",
      "cpu": [
        "s390x"
      ],
      "optional": true,
      "os": [
        "linux"
      ],
      "engines": {
        "node": ">=12"
      }
    },
    "node_modules/esbuild-netbsd-64": {
      "version": "0.14.50",
      "resolved": "https://registry.npmjs.org/esbuild-netbsd-64/-/esbuild-netbsd-64-0.14.50.tgz",
      "integrity": "sha512-0R/glfqAQ2q6MHDf7YJw/TulibugjizBxyPvZIcorH0Mb7vSimdHy0XF5uCba5CKt+r4wjax1mvO9lZ4jiAhEg==",
      "cpu": [
        "x64"
      ],
      "optional": true,
      "os": [
        "netbsd"
      ],
      "engines": {
        "node": ">=12"
      }
    },
    "node_modules/esbuild-openbsd-64": {
      "version": "0.14.50",
      "resolved": "https://registry.npmjs.org/esbuild-openbsd-64/-/esbuild-openbsd-64-0.14.50.tgz",
      "integrity": "sha512-7PAtmrR5mDOFubXIkuxYQ4bdNS6XCK8AIIHUiZxq1kL8cFIH5731jPcXQ4JNy/wbj1C9sZ8rzD8BIM80Tqk29w==",
      "cpu": [
        "x64"
      ],
      "optional": true,
      "os": [
        "openbsd"
      ],
      "engines": {
        "node": ">=12"
      }
    },
    "node_modules/esbuild-plugin-replace": {
      "version": "1.2.0",
      "resolved": "https://registry.npmjs.org/esbuild-plugin-replace/-/esbuild-plugin-replace-1.2.0.tgz",
      "integrity": "sha512-dYlDwjcKKgAi8fqsvLwDvO+03asnp1qyG4VU/qbvg061CIMfecF/qwkjr4QRetQP9Os2nJuNO95Y0rUUXhFAwg==",
      "dependencies": {
        "magic-string": "^0.25.7"
      }
    },
    "node_modules/esbuild-sunos-64": {
      "version": "0.14.50",
      "resolved": "https://registry.npmjs.org/esbuild-sunos-64/-/esbuild-sunos-64-0.14.50.tgz",
      "integrity": "sha512-gBxNY/wyptvD7PkHIYcq7se6SQEXcSC8Y7mE0FJB+CGgssEWf6vBPfTTZ2b6BWKnmaP6P6qb7s/KRIV5T2PxsQ==",
      "cpu": [
        "x64"
      ],
      "optional": true,
      "os": [
        "sunos"
      ],
      "engines": {
        "node": ">=12"
      }
    },
    "node_modules/esbuild-svelte": {
      "version": "0.7.1",
      "resolved": "https://registry.npmjs.org/esbuild-svelte/-/esbuild-svelte-0.7.1.tgz",
      "integrity": "sha512-83vRAJ2OmoKxmK+rLFZVmyv5bJ8ahsYQwJ2RGmNAlHBIHq4ENUwA/hiwA2+AohrWD1BgZnGPMj8DL3l0I0xkug==",
      "engines": {
        "node": ">=14"
      },
      "peerDependencies": {
        "esbuild": ">=0.9.6",
        "svelte": ">=3.43.0"
      }
    },
    "node_modules/esbuild-windows-32": {
      "version": "0.14.50",
      "resolved": "https://registry.npmjs.org/esbuild-windows-32/-/esbuild-windows-32-0.14.50.tgz",
      "integrity": "sha512-MOOe6J9cqe/iW1qbIVYSAqzJFh0p2LBLhVUIWdMVnNUNjvg2/4QNX4oT4IzgDeldU+Bym9/Tn6+DxvUHJXL5Zw==",
      "cpu": [
        "ia32"
      ],
      "optional": true,
      "os": [
        "win32"
      ],
      "engines": {
        "node": ">=12"
      }
    },
    "node_modules/esbuild-windows-64": {
      "version": "0.14.50",
      "resolved": "https://registry.npmjs.org/esbuild-windows-64/-/esbuild-windows-64-0.14.50.tgz",
      "integrity": "sha512-r/qE5Ex3w1jjGv/JlpPoWB365ldkppUlnizhMxJgojp907ZF1PgLTuW207kgzZcSCXyquL9qJkMsY+MRtaZ5yQ==",
      "cpu": [
        "x64"
      ],
      "optional": true,
      "os": [
        "win32"
      ],
      "engines": {
        "node": ">=12"
      }
    },
    "node_modules/esbuild-windows-arm64": {
      "version": "0.14.50",
      "resolved": "https://registry.npmjs.org/esbuild-windows-arm64/-/esbuild-windows-arm64-0.14.50.tgz",
      "integrity": "sha512-EMS4lQnsIe12ZyAinOINx7eq2mjpDdhGZZWDwPZE/yUTN9cnc2Ze/xUTYIAyaJqrqQda3LnDpADKpvLvol6ENQ==",
      "cpu": [
        "arm64"
      ],
      "optional": true,
      "os": [
        "win32"
      ],
      "engines": {
        "node": ">=12"
      }
    },
    "node_modules/fs.realpath": {
      "version": "1.0.0",
      "resolved": "https://registry.npmjs.org/fs.realpath/-/fs.realpath-1.0.0.tgz",
      "integrity": "sha1-FQStJSMVjKpA20onh8sBQRmU6k8="
    },
    "node_modules/glob": {
      "version": "7.2.0",
      "resolved": "https://registry.npmjs.org/glob/-/glob-7.2.0.tgz",
      "integrity": "sha512-lmLf6gtyrPq8tTjSmrO94wBeQbFR3HbLHbuyD69wuyQkImp2hWqMGB47OX65FBkPffO641IP9jWa1z4ivqG26Q==",
      "dependencies": {
        "fs.realpath": "^1.0.0",
        "inflight": "^1.0.4",
        "inherits": "2",
        "minimatch": "^3.0.4",
        "once": "^1.3.0",
        "path-is-absolute": "^1.0.0"
      },
      "engines": {
        "node": "*"
      },
      "funding": {
        "url": "https://github.com/sponsors/isaacs"
      }
    },
    "node_modules/graceful-fs": {
      "version": "4.2.9",
      "resolved": "https://registry.npmjs.org/graceful-fs/-/graceful-fs-4.2.9.tgz",
      "integrity": "sha512-NtNxqUcXgpW2iMrfqSfR73Glt39K+BLwWsPs94yR63v45T0Wbej7eRmL5cWfwEgqXnmjQp3zaJTshdRW/qC2ZQ=="
    },
    "node_modules/inflight": {
      "version": "1.0.6",
      "resolved": "https://registry.npmjs.org/inflight/-/inflight-1.0.6.tgz",
      "integrity": "sha1-Sb1jMdfQLQwJvJEKEHW6gWW1bfk=",
      "dependencies": {
        "once": "^1.3.0",
        "wrappy": "1"
      }
    },
    "node_modules/inherits": {
      "version": "2.0.4",
      "resolved": "https://registry.npmjs.org/inherits/-/inherits-2.0.4.tgz",
      "integrity": "sha512-k/vGaX4/Yla3WzyMCvTQOXYeIHvqOKtnqBduzTHpzpQZzAskKMhZ2K+EnBiSM9zGSoIFeMpXKxa4dYeZIQqewQ=="
    },
    "node_modules/magic-string": {
      "version": "0.25.7",
      "resolved": "https://registry.npmjs.org/magic-string/-/magic-string-0.25.7.tgz",
      "integrity": "sha512-4CrMT5DOHTDk4HYDlzmwu4FVCcIYI8gauveasrdCu2IKIFOJ3f0v/8MDGJCDL9oD2ppz/Av1b0Nj345H9M+XIA==",
      "dependencies": {
        "sourcemap-codec": "^1.4.4"
      }
    },
    "node_modules/min-indent": {
      "version": "1.0.1",
      "resolved": "https://registry.npmjs.org/min-indent/-/min-indent-1.0.1.tgz",
      "integrity": "sha512-I9jwMn07Sy/IwOj3zVkVik2JTvgpaykDZEigL6Rx6N9LbMywwUSMtxET+7lVoDLLd3O3IXwJwvuuns8UB/HeAg==",
      "engines": {
        "node": ">=4"
      }
    },
    "node_modules/minimatch": {
      "version": "3.1.2",
      "resolved": "https://registry.npmjs.org/minimatch/-/minimatch-3.1.2.tgz",
      "integrity": "sha512-J7p63hRiAjw1NDEww1W7i37+ByIrOWO5XQQAzZ3VOcL0PNybwpfmV/N05zFAzwQ9USyEcX6t3UO+K5aqBQOIHw==",
      "dependencies": {
        "brace-expansion": "^1.1.7"
      },
      "engines": {
        "node": "*"
      }
    },
    "node_modules/minimist": {
      "version": "1.2.6",
      "resolved": "https://registry.npmjs.org/minimist/-/minimist-1.2.6.tgz",
      "integrity": "sha512-Jsjnk4bw3YJqYzbdyBiNsPWHPfO++UGG749Cxs6peCu5Xg4nrena6OVxOYxrQTqww0Jmwt+Ref8rggumkTLz9Q=="
    },
    "node_modules/mkdirp": {
      "version": "0.5.5",
      "resolved": "https://registry.npmjs.org/mkdirp/-/mkdirp-0.5.5.tgz",
      "integrity": "sha512-NKmAlESf6jMGym1++R0Ra7wvhV+wFW63FaSOFPwRahvea0gMUcGUhVeAg/0BC0wiv9ih5NYPB1Wn1UEI1/L+xQ==",
      "dependencies": {
        "minimist": "^1.2.5"
      },
      "bin": {
        "mkdirp": "bin/cmd.js"
      }
    },
    "node_modules/once": {
      "version": "1.4.0",
      "resolved": "https://registry.npmjs.org/once/-/once-1.4.0.tgz",
      "integrity": "sha1-WDsap3WWHUsROsF9nFC6753Xa9E=",
      "dependencies": {
        "wrappy": "1"
      }
    },
    "node_modules/path-is-absolute": {
      "version": "1.0.1",
      "resolved": "https://registry.npmjs.org/path-is-absolute/-/path-is-absolute-1.0.1.tgz",
      "integrity": "sha1-F0uSaHNVNP+8es5r9TpanhtcX18=",
      "engines": {
        "node": ">=0.10.0"
      }
    },
    "node_modules/rimraf": {
      "version": "2.7.1",
      "resolved": "https://registry.npmjs.org/rimraf/-/rimraf-2.7.1.tgz",
      "integrity": "sha512-uWjbaKIK3T1OSVptzX7Nl6PvQ3qAGtKEtVRjRuazjfL3Bx5eI409VZSqgND+4UNnmzLVdPj9FqFJNPqBZFve4w==",
      "dependencies": {
        "glob": "^7.1.3"
      },
      "bin": {
        "rimraf": "bin.js"
      }
    },
    "node_modules/sander": {
      "version": "0.5.1",
      "resolved": "https://registry.npmjs.org/sander/-/sander-0.5.1.tgz",
      "integrity": "sha1-dB4kXiMfB8r7b98PEzrfohalAq0=",
      "dependencies": {
        "es6-promise": "^3.1.2",
        "graceful-fs": "^4.1.3",
        "mkdirp": "^0.5.1",
        "rimraf": "^2.5.2"
      }
    },
    "node_modules/sorcery": {
      "version": "0.10.0",
      "resolved": "https://registry.npmjs.org/sorcery/-/sorcery-0.10.0.tgz",
      "integrity": "sha1-iukK19fLBfxZ8asMY3hF1cFaUrc=",
      "dependencies": {
        "buffer-crc32": "^0.2.5",
        "minimist": "^1.2.0",
        "sander": "^0.5.0",
        "sourcemap-codec": "^1.3.0"
      },
      "bin": {
        "sorcery": "bin/index.js"
      }
    },
    "node_modules/sourcemap-codec": {
      "version": "1.4.8",
      "resolved": "https://registry.npmjs.org/sourcemap-codec/-/sourcemap-codec-1.4.8.tgz",
      "integrity": "sha512-9NykojV5Uih4lgo5So5dtw+f0JgJX30KCNI8gwhz2J9A15wD0Ml6tjHKwf6fTSa6fAdVBdZeNOs9eJ71qCk8vA=="
    },
    "node_modules/strip-indent": {
      "version": "3.0.0",
      "resolved": "https://registry.npmjs.org/strip-indent/-/strip-indent-3.0.0.tgz",
      "integrity": "sha512-laJTa3Jb+VQpaC6DseHhF7dXVqHTfJPCRDaEbid/drOhgitgYku/letMUqOXFoWV0zIIUbjpdH2t+tYj4bQMRQ==",
      "dependencies": {
        "min-indent": "^1.0.0"
      },
      "engines": {
        "node": ">=8"
      }
    },
    "node_modules/svelte": {
      "version": "3.49.0",
      "resolved": "https://registry.npmjs.org/svelte/-/svelte-3.49.0.tgz",
      "integrity": "sha512-+lmjic1pApJWDfPCpUUTc1m8azDqYCG1JN9YEngrx/hUyIcFJo6VZhj0A1Ai0wqoHcEIuQy+e9tk+4uDgdtsFA==",
      "engines": {
        "node": ">= 8"
      }
    },
    "node_modules/svelte-preprocess": {
      "version": "4.10.7",
      "resolved": "https://registry.npmjs.org/svelte-preprocess/-/svelte-preprocess-4.10.7.tgz",
      "integrity": "sha512-sNPBnqYD6FnmdBrUmBCaqS00RyCsCpj2BG58A1JBswNF7b0OKviwxqVrOL/CKyJrLSClrSeqQv5BXNg2RUbPOw==",
      "hasInstallScript": true,
      "dependencies": {
        "@types/pug": "^2.0.4",
        "@types/sass": "^1.16.0",
        "detect-indent": "^6.0.0",
        "magic-string": "^0.25.7",
        "sorcery": "^0.10.0",
        "strip-indent": "^3.0.0"
      },
      "engines": {
        "node": ">= 9.11.2"
      },
      "peerDependencies": {
        "@babel/core": "^7.10.2",
        "coffeescript": "^2.5.1",
        "less": "^3.11.3 || ^4.0.0",
        "postcss": "^7 || ^8",
        "postcss-load-config": "^2.1.0 || ^3.0.0 || ^4.0.0",
        "pug": "^3.0.0",
        "sass": "^1.26.8",
        "stylus": "^0.55.0",
        "sugarss": "^2.0.0",
        "svelte": "^3.23.0",
        "typescript": "^3.9.5 || ^4.0.0"
      },
      "peerDependenciesMeta": {
        "@babel/core": {
          "optional": true
        },
        "coffeescript": {
          "optional": true
        },
        "less": {
          "optional": true
        },
        "node-sass": {
          "optional": true
        },
        "postcss": {
          "optional": true
        },
        "postcss-load-config": {
          "optional": true
        },
        "pug": {
          "optional": true
        },
        "sass": {
          "optional": true
        },
        "stylus": {
          "optional": true
        },
        "sugarss": {
          "optional": true
        },
        "typescript": {
          "optional": true
        }
      }
    },
    "node_modules/typescript": {
      "version": "4.7.4",
      "resolved": "https://registry.npmjs.org/typescript/-/typescript-4.7.4.tgz",
      "integrity": "sha512-C0WQT0gezHuw6AdY1M2jxUO83Rjf0HP7Sk1DtXj6j1EwkQNZrHAg2XPWlq62oqEhYvONq5pkC2Y9oPljWToLmQ==",
      "bin": {
        "tsc": "bin/tsc",
        "tsserver": "bin/tsserver"
      },
      "engines": {
        "node": ">=4.2.0"
      }
    },
    "node_modules/wrappy": {
      "version": "1.0.2",
      "resolved": "https://registry.npmjs.org/wrappy/-/wrappy-1.0.2.tgz",
      "integrity": "sha1-tSQ9jz7BqjXxNkYFvA0QNuMKtp8="
    }
  },
  "dependencies": {
    "@tsconfig/svelte": {
      "version": "3.0.0",
      "resolved": "https://registry.npmjs.org/@tsconfig/svelte/-/svelte-3.0.0.tgz",
      "integrity": "sha512-pYrtLtOwku/7r1i9AMONsJMVYAtk3hzOfiGNekhtq5tYBGA7unMve8RvUclKLMT3PrihvJqUmzsRGh0RP84hKg=="
    },
    "@types/node": {
      "version": "17.0.19",
      "resolved": "https://registry.npmjs.org/@types/node/-/node-17.0.19.tgz",
      "integrity": "sha512-PfeQhvcMR4cPFVuYfBN4ifG7p9c+Dlh3yUZR6k+5yQK7wX3gDgVxBly4/WkBRs9x4dmcy1TVl08SY67wwtEvmA=="
    },
    "@types/pug": {
      "version": "2.0.6",
      "resolved": "https://registry.npmjs.org/@types/pug/-/pug-2.0.6.tgz",
      "integrity": "sha512-SnHmG9wN1UVmagJOnyo/qkk0Z7gejYxOYYmaAwr5u2yFYfsupN3sg10kyzN8Hep/2zbHxCnsumxOoRIRMBwKCg=="
    },
    "@types/sass": {
      "version": "1.43.1",
      "resolved": "https://registry.npmjs.org/@types/sass/-/sass-1.43.1.tgz",
      "integrity": "sha512-BPdoIt1lfJ6B7rw35ncdwBZrAssjcwzI5LByIrYs+tpXlj/CAkuVdRsgZDdP4lq5EjyWzwxZCqAoFyHKFwp32g==",
      "requires": {
        "@types/node": "*"
      }
    },
    "balanced-match": {
      "version": "1.0.2",
      "resolved": "https://registry.npmjs.org/balanced-match/-/balanced-match-1.0.2.tgz",
      "integrity": "sha512-3oSeUO0TMV67hN1AmbXsK4yaqU7tjiHlbxRDZOpH0KW9+CeX4bRAaX0Anxt0tx2MrpRpWwQaPwIlISEJhYU5Pw=="
    },
    "brace-expansion": {
      "version": "1.1.11",
      "resolved": "https://registry.npmjs.org/brace-expansion/-/brace-expansion-1.1.11.tgz",
      "integrity": "sha512-iCuPHDFgrHX7H2vEI/5xpz07zSHB00TpugqhmYtVmMO6518mCuRMoOYFldEBl0g187ufozdaHgWKcYFb61qGiA==",
      "requires": {
        "balanced-match": "^1.0.0",
        "concat-map": "0.0.1"
      }
    },
    "buffer-crc32": {
      "version": "0.2.13",
      "resolved": "https://registry.npmjs.org/buffer-crc32/-/buffer-crc32-0.2.13.tgz",
      "integrity": "sha1-DTM+PwDqxQqhRUq9MO+MKl2ackI="
    },
    "concat-map": {
      "version": "0.0.1",
      "resolved": "https://registry.npmjs.org/concat-map/-/concat-map-0.0.1.tgz",
      "integrity": "sha1-2Klr13/Wjfd5OnMDajug1UBdR3s="
    },
    "detect-indent": {
      "version": "6.1.0",
      "resolved": "https://registry.npmjs.org/detect-indent/-/detect-indent-6.1.0.tgz",
      "integrity": "sha512-reYkTUJAZb9gUuZ2RvVCNhVHdg62RHnJ7WJl8ftMi4diZ6NWlciOzQN88pUhSELEwflJht4oQDv0F0BMlwaYtA=="
    },
    "es6-promise": {
      "version": "3.3.1",
      "resolved": "https://registry.npmjs.org/es6-promise/-/es6-promise-3.3.1.tgz",
      "integrity": "sha1-oIzd6EzNvzTQJ6FFG8kdS80ophM="
    },
    "esbuild": {
      "version": "0.14.50",
      "resolved": "https://registry.npmjs.org/esbuild/-/esbuild-0.14.50.tgz",
      "integrity": "sha512-SbC3k35Ih2IC6trhbMYW7hYeGdjPKf9atTKwBUHqMCYFZZ9z8zhuvfnZihsnJypl74FjiAKjBRqFkBkAd0rS/w==",
      "requires": {
        "esbuild-android-64": "0.14.50",
        "esbuild-android-arm64": "0.14.50",
        "esbuild-darwin-64": "0.14.50",
        "esbuild-darwin-arm64": "0.14.50",
        "esbuild-freebsd-64": "0.14.50",
        "esbuild-freebsd-arm64": "0.14.50",
        "esbuild-linux-32": "0.14.50",
        "esbuild-linux-64": "0.14.50",
        "esbuild-linux-arm": "0.14.50",
        "esbuild-linux-arm64": "0.14.50",
        "esbuild-linux-mips64le": "0.14.50",
        "esbuild-linux-ppc64le": "0.14.50",
        "esbuild-linux-riscv64": "0.14.50",
        "esbuild-linux-s390x": "0.14.50",
        "esbuild-netbsd-64": "0.14.50",
        "esbuild-openbsd-64": "0.14.50",
        "esbuild-sunos-64": "0.14.50",
        "esbuild-windows-32": "0.14.50",
        "esbuild-windows-64": "0.14.50",
        "esbuild-windows-arm64": "0.14.50"
      }
    },
    "esbuild-android-64": {
      "version": "0.14.50",
      "resolved": "https://registry.npmjs.org/esbuild-android-64/-/esbuild-android-64-0.14.50.tgz",
      "integrity": "sha512-H7iUEm7gUJHzidsBlFPGF6FTExazcgXL/46xxLo6i6bMtPim6ZmXyTccS8yOMpy6HAC6dPZ/JCQqrkkin69n6Q==",
      "optional": true
    },
    "esbuild-android-arm64": {
      "version": "0.14.50",
      "resolved": "https://registry.npmjs.org/esbuild-android-arm64/-/esbuild-android-arm64-0.14.50.tgz",
      "integrity": "sha512-NFaoqEwa+OYfoYVpQWDMdKII7wZZkAjtJFo1WdnBeCYlYikvUhTnf2aPwPu5qEAw/ie1NYK0yn3cafwP+kP+OQ==",
      "optional": true
    },
    "esbuild-darwin-64": {
      "version": "0.14.50",
      "resolved": "https://registry.npmjs.org/esbuild-darwin-64/-/esbuild-darwin-64-0.14.50.tgz",
      "integrity": "sha512-gDQsCvGnZiJv9cfdO48QqxkRV8oKAXgR2CGp7TdIpccwFdJMHf8hyIJhMW/05b/HJjET/26Us27Jx91BFfEVSA==",
      "optional": true
    },
    "esbuild-darwin-arm64": {
      "version": "0.14.50",
      "resolved": "https://registry.npmjs.org/esbuild-darwin-arm64/-/esbuild-darwin-arm64-0.14.50.tgz",
      "integrity": "sha512-36nNs5OjKIb/Q50Sgp8+rYW/PqirRiFN0NFc9hEvgPzNJxeJedktXwzfJSln4EcRFRh5Vz4IlqFRScp+aiBBzA==",
      "optional": true
    },
    "esbuild-freebsd-64": {
      "version": "0.14.50",
      "resolved": "https://registry.npmjs.org/esbuild-freebsd-64/-/esbuild-freebsd-64-0.14.50.tgz",
      "integrity": "sha512-/1pHHCUem8e/R86/uR+4v5diI2CtBdiWKiqGuPa9b/0x3Nwdh5AOH7lj+8823C6uX1e0ufwkSLkS+aFZiBCWxA==",
      "optional": true
    },
    "esbuild-freebsd-arm64": {
      "version": "0.14.50",
      "resolved": "https://registry.npmjs.org/esbuild-freebsd-arm64/-/esbuild-freebsd-arm64-0.14.50.tgz",
      "integrity": "sha512-iKwUVMQztnPZe5pUYHdMkRc9aSpvoV1mkuHlCoPtxZA3V+Kg/ptpzkcSY+fKd0kuom+l6Rc93k0UPVkP7xoqrw==",
      "optional": true
    },
    "esbuild-linux-32": {
      "version": "0.14.50",
      "resolved": "https://registry.npmjs.org/esbuild-linux-32/-/esbuild-linux-32-0.14.50.tgz",
      "integrity": "sha512-sWUwvf3uz7dFOpLzYuih+WQ7dRycrBWHCdoXJ4I4XdMxEHCECd8b7a9N9u7FzT6XR2gHPk9EzvchQUtiEMRwqw==",
      "optional": true
    },
    "esbuild-linux-64": {
      "version": "0.14.50",
      "resolved": "https://registry.npmjs.org/esbuild-linux-64/-/esbuild-linux-64-0.14.50.tgz",
      "integrity": "sha512-u0PQxPhaeI629t4Y3EEcQ0wmWG+tC/LpP2K7yDFvwuPq0jSQ8SIN+ARNYfRjGW15O2we3XJvklbGV0wRuUCPig==",
      "optional": true
    },
    "esbuild-linux-arm": {
      "version": "0.14.50",
      "resolved": "https://registry.npmjs.org/esbuild-linux-arm/-/esbuild-linux-arm-0.14.50.tgz",
      "integrity": "sha512-VALZq13bhmFJYFE/mLEb+9A0w5vo8z+YDVOWeaf9vOTrSC31RohRIwtxXBnVJ7YKLYfEMzcgFYf+OFln3Y0cWg==",
      "optional": true
    },
    "esbuild-linux-arm64": {
      "version": "0.14.50",
      "resolved": "https://registry.npmjs.org/esbuild-linux-arm64/-/esbuild-linux-arm64-0.14.50.tgz",
      "integrity": "sha512-ZyfoNgsTftD7Rp5S7La5auomKdNeB3Ck+kSKXC4pp96VnHyYGjHHXWIlcbH8i+efRn9brszo1/Thl1qn8RqmhQ==",
      "optional": true
    },
    "esbuild-linux-mips64le": {
      "version": "0.14.50",
      "resolved": "https://registry.npmjs.org/esbuild-linux-mips64le/-/esbuild-linux-mips64le-0.14.50.tgz",
      "integrity": "sha512-ygo31Vxn/WrmjKCHkBoutOlFG5yM9J2UhzHb0oWD9O61dGg+Hzjz9hjf5cmM7FBhAzdpOdEWHIrVOg2YAi6rTw==",
      "optional": true
    },
    "esbuild-linux-ppc64le": {
      "version": "0.14.50",
      "resolved": "https://registry.npmjs.org/esbuild-linux-ppc64le/-/esbuild-linux-ppc64le-0.14.50.tgz",
      "integrity": "sha512-xWCKU5UaiTUT6Wz/O7GKP9KWdfbsb7vhfgQzRfX4ahh5NZV4ozZ4+SdzYG8WxetsLy84UzLX3Pi++xpVn1OkFQ==",
      "optional": true
    },
    "esbuild-linux-riscv64": {
      "version": "0.14.50",
      "resolved": "https://registry.npmjs.org/esbuild-linux-riscv64/-/esbuild-linux-riscv64-0.14.50.tgz",
      "integrity": "sha512-0+dsneSEihZTopoO9B6Z6K4j3uI7EdxBP7YSF5rTwUgCID+wHD3vM1gGT0m+pjCW+NOacU9kH/WE9N686FHAJg==",
      "optional": true
    },
    "esbuild-linux-s390x": {
      "version": "0.14.50",
      "resolved": "https://registry.npmjs.org/esbuild-linux-s390x/-/esbuild-linux-s390x-0.14.50.tgz",
      "integrity": "sha512-tVjqcu8o0P9H4StwbIhL1sQYm5mWATlodKB6dpEZFkcyTI8kfIGWiWcrGmkNGH2i1kBUOsdlBafPxR3nzp3TDA==",
      "optional": true
    },
    "esbuild-netbsd-64": {
      "version": "0.14.50",
      "resolved": "https://registry.npmjs.org/esbuild-netbsd-64/-/esbuild-netbsd-64-0.14.50.tgz",
      "integrity": "sha512-0R/glfqAQ2q6MHDf7YJw/TulibugjizBxyPvZIcorH0Mb7vSimdHy0XF5uCba5CKt+r4wjax1mvO9lZ4jiAhEg==",
      "optional": true
    },
    "esbuild-openbsd-64": {
      "version": "0.14.50",
      "resolved": "https://registry.npmjs.org/esbuild-openbsd-64/-/esbuild-openbsd-64-0.14.50.tgz",
      "integrity": "sha512-7PAtmrR5mDOFubXIkuxYQ4bdNS6XCK8AIIHUiZxq1kL8cFIH5731jPcXQ4JNy/wbj1C9sZ8rzD8BIM80Tqk29w==",
      "optional": true
    },
    "esbuild-plugin-replace": {
      "version": "1.2.0",
      "resolved": "https://registry.npmjs.org/esbuild-plugin-replace/-/esbuild-plugin-replace-1.2.0.tgz",
      "integrity": "sha512-dYlDwjcKKgAi8fqsvLwDvO+03asnp1qyG4VU/qbvg061CIMfecF/qwkjr4QRetQP9Os2nJuNO95Y0rUUXhFAwg==",
      "requires": {
        "magic-string": "^0.25.7"
      }
    },
    "esbuild-sunos-64": {
      "version": "0.14.50",
      "resolved": "https://registry.npmjs.org/esbuild-sunos-64/-/esbuild-sunos-64-0.14.50.tgz",
      "integrity": "sha512-gBxNY/wyptvD7PkHIYcq7se6SQEXcSC8Y7mE0FJB+CGgssEWf6vBPfTTZ2b6BWKnmaP6P6qb7s/KRIV5T2PxsQ==",
      "optional": true
    },
    "esbuild-svelte": {
      "version": "0.7.1",
      "resolved": "https://registry.npmjs.org/esbuild-svelte/-/esbuild-svelte-0.7.1.tgz",
      "integrity": "sha512-83vRAJ2OmoKxmK+rLFZVmyv5bJ8ahsYQwJ2RGmNAlHBIHq4ENUwA/hiwA2+AohrWD1BgZnGPMj8DL3l0I0xkug==",
      "requires": {}
    },
    "esbuild-windows-32": {
      "version": "0.14.50",
      "resolved": "https://registry.npmjs.org/esbuild-windows-32/-/esbuild-windows-32-0.14.50.tgz",
      "integrity": "sha512-MOOe6J9cqe/iW1qbIVYSAqzJFh0p2LBLhVUIWdMVnNUNjvg2/4QNX4oT4IzgDeldU+Bym9/Tn6+DxvUHJXL5Zw==",
      "optional": true
    },
    "esbuild-windows-64": {
      "version": "0.14.50",
      "resolved": "https://registry.npmjs.org/esbuild-windows-64/-/esbuild-windows-64-0.14.50.tgz",
      "integrity": "sha512-r/qE5Ex3w1jjGv/JlpPoWB365ldkppUlnizhMxJgojp907ZF1PgLTuW207kgzZcSCXyquL9qJkMsY+MRtaZ5yQ==",
      "optional": true
    },
    "esbuild-windows-arm64": {
      "version": "0.14.50",
      "resolved": "https://registry.npmjs.org/esbuild-windows-arm64/-/esbuild-windows-arm64-0.14.50.tgz",
      "integrity": "sha512-EMS4lQnsIe12ZyAinOINx7eq2mjpDdhGZZWDwPZE/yUTN9cnc2Ze/xUTYIAyaJqrqQda3LnDpADKpvLvol6ENQ==",
      "optional": true
    },
    "fs.realpath": {
      "version": "1.0.0",
      "resolved": "https://registry.npmjs.org/fs.realpath/-/fs.realpath-1.0.0.tgz",
      "integrity": "sha1-FQStJSMVjKpA20onh8sBQRmU6k8="
    },
    "glob": {
      "version": "7.2.0",
      "resolved": "https://registry.npmjs.org/glob/-/glob-7.2.0.tgz",
      "integrity": "sha512-lmLf6gtyrPq8tTjSmrO94wBeQbFR3HbLHbuyD69wuyQkImp2hWqMGB47OX65FBkPffO641IP9jWa1z4ivqG26Q==",
      "requires": {
        "fs.realpath": "^1.0.0",
        "inflight": "^1.0.4",
        "inherits": "2",
        "minimatch": "^3.0.4",
        "once": "^1.3.0",
        "path-is-absolute": "^1.0.0"
      }
    },
    "graceful-fs": {
      "version": "4.2.9",
      "resolved": "https://registry.npmjs.org/graceful-fs/-/graceful-fs-4.2.9.tgz",
      "integrity": "sha512-NtNxqUcXgpW2iMrfqSfR73Glt39K+BLwWsPs94yR63v45T0Wbej7eRmL5cWfwEgqXnmjQp3zaJTshdRW/qC2ZQ=="
    },
    "inflight": {
      "version": "1.0.6",
      "resolved": "https://registry.npmjs.org/inflight/-/inflight-1.0.6.tgz",
      "integrity": "sha1-Sb1jMdfQLQwJvJEKEHW6gWW1bfk=",
      "requires": {
        "once": "^1.3.0",
        "wrappy": "1"
      }
    },
    "inherits": {
      "version": "2.0.4",
      "resolved": "https://registry.npmjs.org/inherits/-/inherits-2.0.4.tgz",
      "integrity": "sha512-k/vGaX4/Yla3WzyMCvTQOXYeIHvqOKtnqBduzTHpzpQZzAskKMhZ2K+EnBiSM9zGSoIFeMpXKxa4dYeZIQqewQ=="
    },
    "magic-string": {
      "version": "0.25.7",
      "resolved": "https://registry.npmjs.org/magic-string/-/magic-string-0.25.7.tgz",
      "integrity": "sha512-4CrMT5DOHTDk4HYDlzmwu4FVCcIYI8gauveasrdCu2IKIFOJ3f0v/8MDGJCDL9oD2ppz/Av1b0Nj345H9M+XIA==",
      "requires": {
        "sourcemap-codec": "^1.4.4"
      }
    },
    "min-indent": {
      "version": "1.0.1",
      "resolved": "https://registry.npmjs.org/min-indent/-/min-indent-1.0.1.tgz",
      "integrity": "sha512-I9jwMn07Sy/IwOj3zVkVik2JTvgpaykDZEigL6Rx6N9LbMywwUSMtxET+7lVoDLLd3O3IXwJwvuuns8UB/HeAg=="
    },
    "minimatch": {
      "version": "3.1.2",
      "resolved": "https://registry.npmjs.org/minimatch/-/minimatch-3.1.2.tgz",
      "integrity": "sha512-J7p63hRiAjw1NDEww1W7i37+ByIrOWO5XQQAzZ3VOcL0PNybwpfmV/N05zFAzwQ9USyEcX6t3UO+K5aqBQOIHw==",
      "requires": {
        "brace-expansion": "^1.1.7"
      }
    },
    "minimist": {
      "version": "1.2.6",
      "resolved": "https://registry.npmjs.org/minimist/-/minimist-1.2.6.tgz",
      "integrity": "sha512-Jsjnk4bw3YJqYzbdyBiNsPWHPfO++UGG749Cxs6peCu5Xg4nrena6OVxOYxrQTqww0Jmwt+Ref8rggumkTLz9Q=="
    },
    "mkdirp": {
      "version": "0.5.5",
      "resolved": "https://registry.npmjs.org/mkdirp/-/mkdirp-0.5.5.tgz",
      "integrity": "sha512-NKmAlESf6jMGym1++R0Ra7wvhV+wFW63FaSOFPwRahvea0gMUcGUhVeAg/0BC0wiv9ih5NYPB1Wn1UEI1/L+xQ==",
      "requires": {
        "minimist": "^1.2.5"
      }
    },
    "once": {
      "version": "1.4.0",
      "resolved": "https://registry.npmjs.org/once/-/once-1.4.0.tgz",
      "integrity": "sha1-WDsap3WWHUsROsF9nFC6753Xa9E=",
      "requires": {
        "wrappy": "1"
      }
    },
    "path-is-absolute": {
      "version": "1.0.1",
      "resolved": "https://registry.npmjs.org/path-is-absolute/-/path-is-absolute-1.0.1.tgz",
      "integrity": "sha1-F0uSaHNVNP+8es5r9TpanhtcX18="
    },
    "rimraf": {
      "version": "2.7.1",
      "resolved": "https://registry.npmjs.org/rimraf/-/rimraf-2.7.1.tgz",
      "integrity": "sha512-uWjbaKIK3T1OSVptzX7Nl6PvQ3qAGtKEtVRjRuazjfL3Bx5eI409VZSqgND+4UNnmzLVdPj9FqFJNPqBZFve4w==",
      "requires": {
        "glob": "^7.1.3"
      }
    },
    "sander": {
      "version": "0.5.1",
      "resolved": "https://registry.npmjs.org/sander/-/sander-0.5.1.tgz",
      "integrity": "sha1-dB4kXiMfB8r7b98PEzrfohalAq0=",
      "requires": {
        "es6-promise": "^3.1.2",
        "graceful-fs": "^4.1.3",
        "mkdirp": "^0.5.1",
        "rimraf": "^2.5.2"
      }
    },
    "sorcery": {
      "version": "0.10.0",
      "resolved": "https://registry.npmjs.org/sorcery/-/sorcery-0.10.0.tgz",
      "integrity": "sha1-iukK19fLBfxZ8asMY3hF1cFaUrc=",
      "requires": {
        "buffer-crc32": "^0.2.5",
        "minimist": "^1.2.0",
        "sander": "^0.5.0",
        "sourcemap-codec": "^1.3.0"
      }
    },
    "sourcemap-codec": {
      "version": "1.4.8",
      "resolved": "https://registry.npmjs.org/sourcemap-codec/-/sourcemap-codec-1.4.8.tgz",
      "integrity": "sha512-9NykojV5Uih4lgo5So5dtw+f0JgJX30KCNI8gwhz2J9A15wD0Ml6tjHKwf6fTSa6fAdVBdZeNOs9eJ71qCk8vA=="
    },
    "strip-indent": {
      "version": "3.0.0",
      "resolved": "https://registry.npmjs.org/strip-indent/-/strip-indent-3.0.0.tgz",
      "integrity": "sha512-laJTa3Jb+VQpaC6DseHhF7dXVqHTfJPCRDaEbid/drOhgitgYku/letMUqOXFoWV0zIIUbjpdH2t+tYj4bQMRQ==",
      "requires": {
        "min-indent": "^1.0.0"
      }
    },
    "svelte": {
      "version": "3.49.0",
      "resolved": "https://registry.npmjs.org/svelte/-/svelte-3.49.0.tgz",
      "integrity": "sha512-+lmjic1pApJWDfPCpUUTc1m8azDqYCG1JN9YEngrx/hUyIcFJo6VZhj0A1Ai0wqoHcEIuQy+e9tk+4uDgdtsFA=="
    },
    "svelte-preprocess": {
      "version": "4.10.7",
      "resolved": "https://registry.npmjs.org/svelte-preprocess/-/svelte-preprocess-4.10.7.tgz",
      "integrity": "sha512-sNPBnqYD6FnmdBrUmBCaqS00RyCsCpj2BG58A1JBswNF7b0OKviwxqVrOL/CKyJrLSClrSeqQv5BXNg2RUbPOw==",
      "requires": {
        "@types/pug": "^2.0.4",
        "@types/sass": "^1.16.0",
        "detect-indent": "^6.0.0",
        "magic-string": "^0.25.7",
        "sorcery": "^0.10.0",
        "strip-indent": "^3.0.0"
      }
    },
    "typescript": {
      "version": "4.7.4",
      "resolved": "https://registry.npmjs.org/typescript/-/typescript-4.7.4.tgz",
      "integrity": "sha512-C0WQT0gezHuw6AdY1M2jxUO83Rjf0HP7Sk1DtXj6j1EwkQNZrHAg2XPWlq62oqEhYvONq5pkC2Y9oPljWToLmQ=="
    },
    "wrappy": {
      "version": "1.0.2",
      "resolved": "https://registry.npmjs.org/wrappy/-/wrappy-1.0.2.tgz",
      "integrity": "sha1-tSQ9jz7BqjXxNkYFvA0QNuMKtp8="
    }
  }
}
